
Microsoft Visual Studio Solution File, Format Version 12.00
# Visual Studio Version 17
VisualStudioVersion = 17.10.34928.147
MinimumVisualStudioVersion = 10.0.40219.1
Project("{8BC9CEB8-8B4A-11D0-8D11-00A0C91BC942}") = "maths library unit tests", "maths library\maths library.vcxproj", "{2F13523C-920C-4080-AEA7-56FF8F7D44AD}"
	ProjectSection(ProjectDependencies) = postProject
		{22764367-5F2E-4CCB-8173-78200DAB09B0} = {22764367-5F2E-4CCB-8173-78200DAB09B0}
	EndProjectSection
EndProject
Project("{8BC9CEB8-8B4A-11D0-8D11-00A0C91BC942}") = "MathsLibrary", "MathsLibrary\MathsLibrary.vcxproj", "{22764367-5F2E-4CCB-8173-78200DAB09B0}"
EndProject
Project("{8BC9CEB8-8B4A-11D0-8D11-00A0C91BC942}") = "testApp", "testApp\testApp.vcxproj", "{2CAFDF59-5E71-4D47-92E9-3BF382F09B1D}"
EndProject
Global
	GlobalSection(SolutionConfigurationPlatforms) = preSolution
		Debug|x64 = Debug|x64
		Debug|x86 = Debug|x86
		Release|x64 = Release|x64
		Release|x86 = Release|x86
	EndGlobalSection
	GlobalSection(ProjectConfigurationPlatforms) = postSolution
		{2F13523C-920C-4080-AEA7-56FF8F7D44AD}.Debug|x64.ActiveCfg = Debug|x64
		{2F13523C-920C-4080-AEA7-56FF8F7D44AD}.Debug|x64.Build.0 = Debug|x64
		{2F13523C-920C-4080-AEA7-56FF8F7D44AD}.Debug|x86.ActiveCfg = Debug|Win32
		{2F13523C-920C-4080-AEA7-56FF8F7D44AD}.Debug|x86.Build.0 = Debug|Win32
		{2F13523C-920C-4080-AEA7-56FF8F7D44AD}.Release|x64.ActiveCfg = Release|x64
		{2F13523C-920C-4080-AEA7-56FF8F7D44AD}.Release|x64.Build.0 = Release|x64
		{2F13523C-920C-4080-AEA7-56FF8F7D44AD}.Release|x86.ActiveCfg = Release|Win32
		{2F13523C-920C-4080-AEA7-56FF8F7D44AD}.Release|x86.Build.0 = Release|Win32
		{22764367-5F2E-4CCB-8173-78200DAB09B0}.Debug|x64.ActiveCfg = Debug|x64
		{22764367-5F2E-4CCB-8173-78200DAB09B0}.Debug|x64.Build.0 = Debug|x64
		{22764367-5F2E-4CCB-8173-78200DAB09B0}.Debug|x86.ActiveCfg = Debug|Win32
		{22764367-5F2E-4CCB-8173-78200DAB09B0}.Debug|x86.Build.0 = Debug|Win32
		{22764367-5F2E-4CCB-8173-78200DAB09B0}.Release|x64.ActiveCfg = Release|x64
		{22764367-5F2E-4CCB-8173-78200DAB09B0}.Release|x64.Build.0 = Release|x64
		{22764367-5F2E-4CCB-8173-78200DAB09B0}.Release|x86.ActiveCfg = Release|Win32
		{22764367-5F2E-4CCB-8173-78200DAB09B0}.Release|x86.Build.0 = Release|Win32
		{2CAFDF59-5E71-4D47-92E9-3BF382F09B1D}.Debug|x64.ActiveCfg = Debug|x64
		{2CAFDF59-5E71-4D47-92E9-3BF382F09B1D}.Debug|x64.Build.0 = Debug|x64
		{2CAFDF59-5E71-4D47-92E9-3BF382F09B1D}.Debug|x86.ActiveCfg = Debug|Win32
		{2CAFDF59-5E71-4D47-92E9-3BF382F09B1D}.Debug|x86.Build.0 = Debug|Win32
		{2CAFDF59-5E71-4D47-92E9-3BF382F09B1D}.Release|x64.ActiveCfg = Release|x64
		{2CAFDF59-5E71-4D47-92E9-3BF382F09B1D}.Release|x64.Build.0 = Release|x64
		{2CAFDF59-5E71-4D47-92E9-3BF382F09B1D}.Release|x86.ActiveCfg = Release|Win32
		{2CAFDF59-5E71-4D47-92E9-3BF382F09B1D}.Release|x86.Build.0 = Release|Win32
	EndGlobalSection
	GlobalSection(SolutionProperties) = preSolution
		HideSolutionNode = FALSE
	EndGlobalSection
	GlobalSection(ExtensibilityGlobals) = postSolution
		SolutionGuid = {BD6BE251-6385-4D92-B65E-7B1F4AEF8370}
	EndGlobalSection
EndGlobal
